
Microsoft Visual Studio Solution File, Format Version 12.00
# Visual Studio Version 16
VisualStudioVersion = 16.0.30804.86
MinimumVisualStudioVersion = 10.0.40219.1
Project("{FAE04EC0-301F-11D3-BF4B-00C04F79EFBC}") = "DataAccess", "DataAccess\DataAccess.csproj", "{5909F1BE-5374-44BB-9AEE-48DDAC889E6F}"
EndProject
Project("{FAE04EC0-301F-11D3-BF4B-00C04F79EFBC}") = "Business", "Business\Business.csproj", "{E14D727F-0C03-4B41-B7CF-1B3B4B0B3CDE}"
EndProject
Project("{FAE04EC0-301F-11D3-BF4B-00C04F79EFBC}") = "Entities", "Entities\Entities.csproj", "{83F91781-263A-45B5-B642-69D83CAB60EC}"
EndProject
Project("{FAE04EC0-301F-11D3-BF4B-00C04F79EFBC}") = "ConsoleUI", "ConsoleUI\ConsoleUI.csproj", "{C4575D7D-71EB-41E5-BD66-8B766186A771}"
EndProject
Global
	GlobalSection(SolutionConfigurationPlatforms) = preSolution
		Debug|Any CPU = Debug|Any CPU
		Release|Any CPU = Release|Any CPU
	EndGlobalSection
	GlobalSection(ProjectConfigurationPlatforms) = postSolution
		{5909F1BE-5374-44BB-9AEE-48DDAC889E6F}.Debug|Any CPU.ActiveCfg = Debug|Any CPU
		{5909F1BE-5374-44BB-9AEE-48DDAC889E6F}.Debug|Any CPU.Build.0 = Debug|Any CPU
		{5909F1BE-5374-44BB-9AEE-48DDAC889E6F}.Release|Any CPU.ActiveCfg = Release|Any CPU
		{5909F1BE-5374-44BB-9AEE-48DDAC889E6F}.Release|Any CPU.Build.0 = Release|Any CPU
		{E14D727F-0C03-4B41-B7CF-1B3B4B0B3CDE}.Debug|Any CPU.ActiveCfg = Debug|Any CPU
		{E14D727F-0C03-4B41-B7CF-1B3B4B0B3CDE}.Debug|Any CPU.Build.0 = Debug|Any CPU
		{E14D727F-0C03-4B41-B7CF-1B3B4B0B3CDE}.Release|Any CPU.ActiveCfg = Release|Any CPU
		{E14D727F-0C03-4B41-B7CF-1B3B4B0B3CDE}.Release|Any CPU.Build.0 = Release|Any CPU
		{83F91781-263A-45B5-B642-69D83CAB60EC}.Debug|Any CPU.ActiveCfg = Debug|Any CPU
		{83F91781-263A-45B5-B642-69D83CAB60EC}.Debug|Any CPU.Build.0 = Debug|Any CPU
		{83F91781-263A-45B5-B642-69D83CAB60EC}.Release|Any CPU.ActiveCfg = Release|Any CPU
		{83F91781-263A-45B5-B642-69D83CAB60EC}.Release|Any CPU.Build.0 = Release|Any CPU
		{C4575D7D-71EB-41E5-BD66-8B766186A771}.Debug|Any CPU.ActiveCfg = Debug|Any CPU
		{C4575D7D-71EB-41E5-BD66-8B766186A771}.Debug|Any CPU.Build.0 = Debug|Any CPU
		{C4575D7D-71EB-41E5-BD66-8B766186A771}.Release|Any CPU.ActiveCfg = Release|Any CPU
		{C4575D7D-71EB-41E5-BD66-8B766186A771}.Release|Any CPU.Build.0 = Release|Any CPU
	EndGlobalSection
	GlobalSection(SolutionProperties) = preSolution
		HideSolutionNode = FALSE
	EndGlobalSection
	GlobalSection(ExtensibilityGlobals) = postSolution
		SolutionGuid = {A8BBC381-5114-4C94-A67D-404C94DD31E7}
	EndGlobalSection
EndGlobal
